{
  "version": 4,
  "terraform_version": "1.15.1",
  "serial": 33,
  "lineage": "89338d4f-2300-d307-5bbf-005d81cae780",
  "outputs": {
    "function_url": {
      "value": "https://65fhpjanc6gfw7mewyapmqklce0mzoid.lambda-url.us-east-1.on.aws/",
      "type": "string"
    }
  },
  "resources": [
    {
      "mode": "data",
      "type": "aws_iam_role",
      "name": "lab_role",
      "provider": "provider[\"registry.terraform.io/hashicorp/aws\"]",
      "instances": [
        {
          "schema_version": 0,
          "attributes": {
            "arn": "arn:aws:iam::400009881449:role/LabRole",
            "assume_role_policy": "{\"Version\":\"2012-10-17\",\"Statement\":[{\"Effect\":\"Allow\",\"Principal\":{\"AWS\":\"arn:aws:iam::400009881449:role/LabRole\",\"Service\":[\"ec2.application-autoscaling.amazonaws.com\",\"elasticmapreduce.amazonaws.com\",\"cloudformation.amazonaws.com\",\"batch.amazonaws.com\",\"scheduler.amazonaws.com\",\"s3.amazonaws.com\",\"athena.amazonaws.com\",\"cognito-idp.amazonaws.com\",\"deepracer.amazonaws.com\",\"sagemaker.amazonaws.com\",\"autoscaling.amazonaws.com\",\"codewhisperer.amazonaws.com\",\"kms.amazonaws.com\",\"ssm.amazonaws.com\",\"eks-fargate-pods.amazonaws.com\",\"resource-groups.amazonaws.com\",\"kinesis.amazonaws.com\",\"rds.amazonaws.com\",\"forecast.amazonaws.com\",\"secretsmanager.amazonaws.com\",\"redshift.amazonaws.com\",\"ecs.amazonaws.com\",\"apigateway.amazonaws.com\",\"codedeploy.amazonaws.com\",\"eks.amazonaws.com\",\"application-autoscaling.amazonaws.com\",\"sqs.amazonaws.com\",\"elasticfilesystem.amazonaws.com\",\"rekognition.amazonaws.com\",\"elasticloadbalancing.amazonaws.com\",\"iotevents.amazonaws.com\",\"iot.amazonaws.com\",\"ecs-tasks.amazonaws.com\",\"codecommit.amazonaws.com\",\"lambda.amazonaws.com\",\"cloudtrail.amazonaws.com\",\"iotanalytics.amazonaws.com\",\"sns.amazonaws.com\",\"dynamodb.amazonaws.com\",\"glue.amazonaws.com\",\"ec2.amazonaws.com\",\"databrew.amazonaws.com\",\"servicecatalog.amazonaws.com\",\"credentials.iot.amazonaws.com\",\"kinesisanalytics.amazonaws.com\",\"backup.amazonaws.com\",\"pipes.amazonaws.com\",\"cloud9.amazonaws.com\",\"logs.amazonaws.com\",\"firehose.amazonaws.com\",\"states.amazonaws.com\",\"events.amazonaws.com\",\"elasticbeanstalk.amazonaws.com\"]},\"Action\":\"sts:AssumeRole\"}]}",
            "create_date": "2026-05-03T15:50:15Z",
            "description": "",
            "id": "LabRole",
            "max_session_duration": 3600,
            "name": "LabRole",
            "path": "/",
            "permissions_boundary": "",
            "role_last_used": [
              {
                "last_used_date": "2026-05-08T20:26:53Z",
                "region": "us-east-1"
              }
            ],
            "tags": {
              "cloudlab": "c206733a5263715l14962653t1w400009881449"
            },
            "unique_id": "AROAV2ITSM5UUNM5Q4FP5"
          },
          "sensitive_attributes": [],
          "identity_schema_version": 0
        }
      ]
    },
    {
      "mode": "managed",
      "type": "aws_lambda_function",
      "name": "forecasting",
      "provider": "provider[\"registry.terraform.io/hashicorp/aws\"]",
      "instances": [
        {
          "schema_version": 0,
          "attributes": {
            "architectures": [
              "x86_64"
            ],
            "arn": "arn:aws:lambda:us-east-1:400009881449:function:flexibilityforecasting",
            "code_signing_config_arn": "",
            "dead_letter_config": [],
            "description": "",
            "environment": [
              {
                "variables": {
                  "FLEXIBILITYEVENT_URL": "http://ec2-13-220-132-219.compute-1.amazonaws.com:8080",
                  "OLLAMA_URL": "http://ec2-54-162-179-246.compute-1.amazonaws.com:11434"
                }
              }
            ],
            "ephemeral_storage": [
              {
                "size": 512
              }
            ],
            "file_system_config": [],
            "filename": "../../microservices/FlexibilityForecasting/target/flexibilityforecasting-1.0.0-SNAPSHOT.jar",
            "function_name": "flexibilityforecasting",
            "handler": "org.acme.ForecastHandler::handleRequest",
            "id": "flexibilityforecasting",
            "image_config": [],
            "image_uri": "",
            "invoke_arn": "arn:aws:apigateway:us-east-1:lambda:path/2015-03-31/functions/arn:aws:lambda:us-east-1:400009881449:function:flexibilityforecasting/invocations",
            "kms_key_arn": "",
            "last_modified": "2026-05-08T20:27:24.706+0000",
            "layers": [],
            "memory_size": 512,
            "package_type": "Zip",
            "publish": false,
            "qualified_arn": "arn:aws:lambda:us-east-1:400009881449:function:flexibilityforecasting:$LATEST",
            "qualified_invoke_arn": "arn:aws:apigateway:us-east-1:lambda:path/2015-03-31/functions/arn:aws:lambda:us-east-1:400009881449:function:flexibilityforecasting:$LATEST/invocations",
            "replace_security_groups_on_destroy": null,
            "replacement_security_group_ids": null,
            "reserved_concurrent_executions": -1,
            "role": "arn:aws:iam::400009881449:role/LabRole",
            "runtime": "java17",
            "s3_bucket": null,
            "s3_key": null,
            "s3_object_version": null,
            "signing_job_arn": "",
            "signing_profile_version_arn": "",
            "skip_destroy": false,
            "snap_start": [],
            "source_code_hash": "woOafEWYxYxbWO782Xakd9IbW+9R+5F4zbENzLTtu0o=",
            "source_code_size": 92271,
            "tags": {},
            "tags_all": {},
            "timeout": 300,
            "timeouts": null,
            "tracing_config": [
              {
                "mode": "PassThrough"
              }
            ],
            "version": "$LATEST",
            "vpc_config": []
          },
          "sensitive_attributes": [],
          "identity_schema_version": 0,
          "private": "eyJlMmJmYjczMC1lY2FhLTExZTYtOGY4OC0zNDM2M2JjN2M0YzAiOnsiY3JlYXRlIjo2MDAwMDAwMDAwMDAsImRlbGV0ZSI6NjAwMDAwMDAwMDAwLCJ1cGRhdGUiOjYwMDAwMDAwMDAwMH19",
          "dependencies": [
            "data.aws_iam_role.lab_role"
          ]
        }
      ]
    },
    {
      "mode": "managed",
      "type": "aws_lambda_function_url",
      "name": "forecasting_url",
      "provider": "provider[\"registry.terraform.io/hashicorp/aws\"]",
      "instances": [
        {
          "schema_version": 0,
          "attributes": {
            "authorization_type": "NONE",
            "cors": [],
            "function_arn": "arn:aws:lambda:us-east-1:400009881449:function:flexibilityforecasting",
            "function_name": "flexibilityforecasting",
            "function_url": "https://65fhpjanc6gfw7mewyapmqklce0mzoid.lambda-url.us-east-1.on.aws/",
            "id": "flexibilityforecasting",
            "invoke_mode": "BUFFERED",
            "qualifier": "",
            "timeouts": null,
            "url_id": "65fhpjanc6gfw7mewyapmqklce0mzoid"
          },
          "sensitive_attributes": [],
          "identity_schema_version": 0,
          "private": "eyJlMmJmYjczMC1lY2FhLTExZTYtOGY4OC0zNDM2M2JjN2M0YzAiOnsiY3JlYXRlIjo2MDAwMDAwMDAwMDB9fQ==",
          "dependencies": [
            "aws_lambda_function.forecasting",
            "data.aws_iam_role.lab_role"
          ]
        }
      ]
    },
    {
      "mode": "managed",
      "type": "aws_lambda_permission",
      "name": "allow_public_url",
      "provider": "provider[\"registry.terraform.io/hashicorp/aws\"]",
      "instances": [
        {
          "schema_version": 0,
          "attributes": {
            "action": "lambda:InvokeFunctionUrl",
            "event_source_token": "",
            "function_name": "flexibilityforecasting",
            "function_url_auth_type": "NONE",
            "id": "AllowPublicFunctionURL",
            "principal": "*",
            "principal_org_id": "",
            "qualifier": "",
            "source_account": "",
            "source_arn": null,
            "statement_id": "AllowPublicFunctionURL",
            "statement_id_prefix": ""
          },
          "sensitive_attributes": [],
          "identity_schema_version": 0,
          "private": "bnVsbA==",
          "dependencies": [
            "aws_lambda_function.forecasting",
            "data.aws_iam_role.lab_role"
          ]
        }
      ]
    }
  ],
  "check_results": null
}
